
Microsoft Visual Studio Solution File, Format Version 12.00
# Visual Studio Version 17
VisualStudioVersion = 17.14.36301.6 d17.14
MinimumVisualStudioVersion = 10.0.40219.1
Project("{FAE04EC0-301F-11D3-BF4B-00C04F79EFBC}") = "animation lesson", "animation lesson.csproj", "{B17A3C4F-DB9A-4472-86CA-64EF78311D17}"
EndProject
Global
	GlobalSection(SolutionConfigurationPlatforms) = preSolution
		Debug|Any CPU = Debug|Any CPU
		Release|Any CPU = Release|Any CPU
	EndGlobalSection
	GlobalSection(ProjectConfigurationPlatforms) = postSolution
		{B17A3C4F-DB9A-4472-86CA-64EF78311D17}.Debug|Any CPU.ActiveCfg = Debug|Any CPU
		{B17A3C4F-DB9A-4472-86CA-64EF78311D17}.Debug|Any CPU.Build.0 = Debug|Any CPU
		{B17A3C4F-DB9A-4472-86CA-64EF78311D17}.Release|Any CPU.ActiveCfg = Release|Any CPU
		{B17A3C4F-DB9A-4472-86CA-64EF78311D17}.Release|Any CPU.Build.0 = Release|Any CPU
	EndGlobalSection
	GlobalSection(SolutionProperties) = preSolution
		HideSolutionNode = FALSE
	EndGlobalSection
	GlobalSection(ExtensibilityGlobals) = postSolution
		SolutionGuid = {259BB509-245B-4B22-B728-C700CF49A769}
	EndGlobalSection
EndGlobal
